
Microsoft Visual Studio Solution File, Format Version 12.00
# Visual Studio 14
VisualStudioVersion = 14.0.22823.1
MinimumVisualStudioVersion = 10.0.40219.1
Project("{FAE04EC0-301F-11D3-BF4B-00C04F79EFBC}") = "Jexpr", "Jexpr\Jexpr.csproj", "{B5812BDF-12E8-4764-BC99-F7B241479769}"
EndProject
Project("{FAE04EC0-301F-11D3-BF4B-00C04F79EFBC}") = "Jexpr.Tests", "Jexpr.Tests\Jexpr.Tests.csproj", "{1138989F-1561-4D7A-93DC-FE65B4CDB680}"
EndProject
Project("{2150E333-8FDC-42A3-9474-1A3956D46DE8}") = ".nuget", ".nuget", "{6AB3D56F-307C-44E0-8896-1BACF008B49C}"
	ProjectSection(SolutionItems) = preProject
		.nuget\NuGet.Config = .nuget\NuGet.Config
		.nuget\NuGet.exe = .nuget\NuGet.exe
		.nuget\NuGet.targets = .nuget\NuGet.targets
		.nuget\packages.config = .nuget\packages.config
	EndProjectSection
EndProject
Global
	GlobalSection(SolutionConfigurationPlatforms) = preSolution
		Debug|Any CPU = Debug|Any CPU
		Release|Any CPU = Release|Any CPU
	EndGlobalSection
	GlobalSection(ProjectConfigurationPlatforms) = postSolution
		{B5812BDF-12E8-4764-BC99-F7B241479769}.Debug|Any CPU.ActiveCfg = Debug|Any CPU
		{B5812BDF-12E8-4764-BC99-F7B241479769}.Debug|Any CPU.Build.0 = Debug|Any CPU
		{B5812BDF-12E8-4764-BC99-F7B241479769}.Release|Any CPU.ActiveCfg = Release|Any CPU
		{B5812BDF-12E8-4764-BC99-F7B241479769}.Release|Any CPU.Build.0 = Release|Any CPU
		{1138989F-1561-4D7A-93DC-FE65B4CDB680}.Debug|Any CPU.ActiveCfg = Debug|Any CPU
		{1138989F-1561-4D7A-93DC-FE65B4CDB680}.Debug|Any CPU.Build.0 = Debug|Any CPU
		{1138989F-1561-4D7A-93DC-FE65B4CDB680}.Release|Any CPU.ActiveCfg = Release|Any CPU
		{1138989F-1561-4D7A-93DC-FE65B4CDB680}.Release|Any CPU.Build.0 = Release|Any CPU
	EndGlobalSection
	GlobalSection(SolutionProperties) = preSolution
		HideSolutionNode = FALSE
	EndGlobalSection
EndGlobal
